
Microsoft Visual Studio Solution File, Format Version 12.00
# Visual Studio Version 16
VisualStudioVersion = 16.0.29609.76
MinimumVisualStudioVersion = 10.0.40219.1
Project("{FAE04EC0-301F-11D3-BF4B-00C04F79EFBC}") = "News.Core", "Core\News.Core.csproj", "{71936D2C-4B07-4132-A4EF-C538AF3A97D3}"
EndProject
Project("{FAE04EC0-301F-11D3-BF4B-00C04F79EFBC}") = "News.Infrastructure", "News.Infrastructure\News.Infrastructure.csproj", "{B9844B03-44E5-4E21-8F8E-901D25A739F9}"
EndProject
Project("{FAE04EC0-301F-11D3-BF4B-00C04F79EFBC}") = "TestProject", "TestProject\TestProject.csproj", "{653FBD91-F55A-4D89-9FA6-C1D01AB8B615}"
EndProject
Global
	GlobalSection(SolutionConfigurationPlatforms) = preSolution
		Debug|Any CPU = Debug|Any CPU
		Release|Any CPU = Release|Any CPU
	EndGlobalSection
	GlobalSection(ProjectConfigurationPlatforms) = postSolution
		{71936D2C-4B07-4132-A4EF-C538AF3A97D3}.Debug|Any CPU.ActiveCfg = Debug|Any CPU
		{71936D2C-4B07-4132-A4EF-C538AF3A97D3}.Debug|Any CPU.Build.0 = Debug|Any CPU
		{71936D2C-4B07-4132-A4EF-C538AF3A97D3}.Release|Any CPU.ActiveCfg = Release|Any CPU
		{71936D2C-4B07-4132-A4EF-C538AF3A97D3}.Release|Any CPU.Build.0 = Release|Any CPU
		{B9844B03-44E5-4E21-8F8E-901D25A739F9}.Debug|Any CPU.ActiveCfg = Debug|Any CPU
		{B9844B03-44E5-4E21-8F8E-901D25A739F9}.Debug|Any CPU.Build.0 = Debug|Any CPU
		{B9844B03-44E5-4E21-8F8E-901D25A739F9}.Release|Any CPU.ActiveCfg = Release|Any CPU
		{B9844B03-44E5-4E21-8F8E-901D25A739F9}.Release|Any CPU.Build.0 = Release|Any CPU
		{653FBD91-F55A-4D89-9FA6-C1D01AB8B615}.Debug|Any CPU.ActiveCfg = Debug|Any CPU
		{653FBD91-F55A-4D89-9FA6-C1D01AB8B615}.Debug|Any CPU.Build.0 = Debug|Any CPU
		{653FBD91-F55A-4D89-9FA6-C1D01AB8B615}.Release|Any CPU.ActiveCfg = Release|Any CPU
		{653FBD91-F55A-4D89-9FA6-C1D01AB8B615}.Release|Any CPU.Build.0 = Release|Any CPU
	EndGlobalSection
	GlobalSection(SolutionProperties) = preSolution
		HideSolutionNode = FALSE
	EndGlobalSection
	GlobalSection(ExtensibilityGlobals) = postSolution
		SolutionGuid = {1356FBA8-AC41-4250-9F2E-4767D0B3F5F0}
	EndGlobalSection
EndGlobal
